
Microsoft Visual Studio Solution File, Format Version 12.00
# Visual Studio 15
VisualStudioVersion = 15.0.28010.2046
MinimumVisualStudioVersion = 10.0.40219.1
Project("{FAE04EC0-301F-11D3-BF4B-00C04F79EFBC}") = "Client", "Client\Client.csproj", "{3A6B7C3B-3044-4F3E-ABDB-DCE2A4AE3321}"
EndProject
Project("{FAE04EC0-301F-11D3-BF4B-00C04F79EFBC}") = "Server", "Server\Server.csproj", "{DA7D2845-2A32-41BE-A887-142FF7CB7D95}"
EndProject
Project("{9A19103F-16F7-4668-BE54-9A1E7A4F7556}") = "Common", "Common\Common.csproj", "{3EEB5C52-75C5-4AB6-97FC-5E9584A3F1FB}"
EndProject
Project("{FAE04EC0-301F-11D3-BF4B-00C04F79EFBC}") = "ConsoleTests", "ConsoleTests\ConsoleTests.csproj", "{46337BDE-A438-4646-93DD-CBAE55D19A1B}"
EndProject
Project("{FAE04EC0-301F-11D3-BF4B-00C04F79EFBC}") = "DAL", "DAL\DAL.csproj", "{966C859D-043F-4FAA-952B-A2BB425FE668}"
EndProject
Global
	GlobalSection(SolutionConfigurationPlatforms) = preSolution
		Debug|Any CPU = Debug|Any CPU
		Debug|ARM = Debug|ARM
		Debug|x64 = Debug|x64
		Debug|x86 = Debug|x86
		Release|Any CPU = Release|Any CPU
		Release|ARM = Release|ARM
		Release|x64 = Release|x64
		Release|x86 = Release|x86
	EndGlobalSection
	GlobalSection(ProjectConfigurationPlatforms) = postSolution
		{3A6B7C3B-3044-4F3E-ABDB-DCE2A4AE3321}.Debug|Any CPU.ActiveCfg = Debug|x86
		{3A6B7C3B-3044-4F3E-ABDB-DCE2A4AE3321}.Debug|Any CPU.Build.0 = Debug|x86
		{3A6B7C3B-3044-4F3E-ABDB-DCE2A4AE3321}.Debug|Any CPU.Deploy.0 = Debug|x86
		{3A6B7C3B-3044-4F3E-ABDB-DCE2A4AE3321}.Debug|ARM.ActiveCfg = Debug|ARM
		{3A6B7C3B-3044-4F3E-ABDB-DCE2A4AE3321}.Debug|ARM.Build.0 = Debug|ARM
		{3A6B7C3B-3044-4F3E-ABDB-DCE2A4AE3321}.Debug|ARM.Deploy.0 = Debug|ARM
		{3A6B7C3B-3044-4F3E-ABDB-DCE2A4AE3321}.Debug|x64.ActiveCfg = Debug|x64
		{3A6B7C3B-3044-4F3E-ABDB-DCE2A4AE3321}.Debug|x64.Build.0 = Debug|x64
		{3A6B7C3B-3044-4F3E-ABDB-DCE2A4AE3321}.Debug|x64.Deploy.0 = Debug|x64
		{3A6B7C3B-3044-4F3E-ABDB-DCE2A4AE3321}.Debug|x86.ActiveCfg = Debug|x86
		{3A6B7C3B-3044-4F3E-ABDB-DCE2A4AE3321}.Debug|x86.Build.0 = Debug|x86
		{3A6B7C3B-3044-4F3E-ABDB-DCE2A4AE3321}.Debug|x86.Deploy.0 = Debug|x86
		{3A6B7C3B-3044-4F3E-ABDB-DCE2A4AE3321}.Release|Any CPU.ActiveCfg = Release|x86
		{3A6B7C3B-3044-4F3E-ABDB-DCE2A4AE3321}.Release|ARM.ActiveCfg = Release|ARM
		{3A6B7C3B-3044-4F3E-ABDB-DCE2A4AE3321}.Release|ARM.Build.0 = Release|ARM
		{3A6B7C3B-3044-4F3E-ABDB-DCE2A4AE3321}.Release|ARM.Deploy.0 = Release|ARM
		{3A6B7C3B-3044-4F3E-ABDB-DCE2A4AE3321}.Release|x64.ActiveCfg = Release|x64
		{3A6B7C3B-3044-4F3E-ABDB-DCE2A4AE3321}.Release|x64.Build.0 = Release|x64
		{3A6B7C3B-3044-4F3E-ABDB-DCE2A4AE3321}.Release|x64.Deploy.0 = Release|x64
		{3A6B7C3B-3044-4F3E-ABDB-DCE2A4AE3321}.Release|x86.ActiveCfg = Release|x86
		{3A6B7C3B-3044-4F3E-ABDB-DCE2A4AE3321}.Release|x86.Build.0 = Release|x86
		{3A6B7C3B-3044-4F3E-ABDB-DCE2A4AE3321}.Release|x86.Deploy.0 = Release|x86
		{DA7D2845-2A32-41BE-A887-142FF7CB7D95}.Debug|Any CPU.ActiveCfg = Debug|Any CPU
		{DA7D2845-2A32-41BE-A887-142FF7CB7D95}.Debug|Any CPU.Build.0 = Debug|Any CPU
		{DA7D2845-2A32-41BE-A887-142FF7CB7D95}.Debug|ARM.ActiveCfg = Debug|Any CPU
		{DA7D2845-2A32-41BE-A887-142FF7CB7D95}.Debug|ARM.Build.0 = Debug|Any CPU
		{DA7D2845-2A32-41BE-A887-142FF7CB7D95}.Debug|x64.ActiveCfg = Debug|Any CPU
		{DA7D2845-2A32-41BE-A887-142FF7CB7D95}.Debug|x64.Build.0 = Debug|Any CPU
		{DA7D2845-2A32-41BE-A887-142FF7CB7D95}.Debug|x86.ActiveCfg = Debug|Any CPU
		{DA7D2845-2A32-41BE-A887-142FF7CB7D95}.Debug|x86.Build.0 = Debug|Any CPU
		{DA7D2845-2A32-41BE-A887-142FF7CB7D95}.Release|Any CPU.ActiveCfg = Release|Any CPU
		{DA7D2845-2A32-41BE-A887-142FF7CB7D95}.Release|Any CPU.Build.0 = Release|Any CPU
		{DA7D2845-2A32-41BE-A887-142FF7CB7D95}.Release|ARM.ActiveCfg = Release|Any CPU
		{DA7D2845-2A32-41BE-A887-142FF7CB7D95}.Release|ARM.Build.0 = Release|Any CPU
		{DA7D2845-2A32-41BE-A887-142FF7CB7D95}.Release|x64.ActiveCfg = Release|Any CPU
		{DA7D2845-2A32-41BE-A887-142FF7CB7D95}.Release|x64.Build.0 = Release|Any CPU
		{DA7D2845-2A32-41BE-A887-142FF7CB7D95}.Release|x86.ActiveCfg = Release|Any CPU
		{DA7D2845-2A32-41BE-A887-142FF7CB7D95}.Release|x86.Build.0 = Release|Any CPU
		{3EEB5C52-75C5-4AB6-97FC-5E9584A3F1FB}.Debug|Any CPU.ActiveCfg = Debug|Any CPU
		{3EEB5C52-75C5-4AB6-97FC-5E9584A3F1FB}.Debug|Any CPU.Build.0 = Debug|Any CPU
		{3EEB5C52-75C5-4AB6-97FC-5E9584A3F1FB}.Debug|ARM.ActiveCfg = Debug|Any CPU
		{3EEB5C52-75C5-4AB6-97FC-5E9584A3F1FB}.Debug|ARM.Build.0 = Debug|Any CPU
		{3EEB5C52-75C5-4AB6-97FC-5E9584A3F1FB}.Debug|x64.ActiveCfg = Debug|Any CPU
		{3EEB5C52-75C5-4AB6-97FC-5E9584A3F1FB}.Debug|x64.Build.0 = Debug|Any CPU
		{3EEB5C52-75C5-4AB6-97FC-5E9584A3F1FB}.Debug|x86.ActiveCfg = Debug|Any CPU
		{3EEB5C52-75C5-4AB6-97FC-5E9584A3F1FB}.Debug|x86.Build.0 = Debug|Any CPU
		{3EEB5C52-75C5-4AB6-97FC-5E9584A3F1FB}.Release|Any CPU.ActiveCfg = Release|Any CPU
		{3EEB5C52-75C5-4AB6-97FC-5E9584A3F1FB}.Release|Any CPU.Build.0 = Release|Any CPU
		{3EEB5C52-75C5-4AB6-97FC-5E9584A3F1FB}.Release|ARM.ActiveCfg = Release|Any CPU
		{3EEB5C52-75C5-4AB6-97FC-5E9584A3F1FB}.Release|ARM.Build.0 = Release|Any CPU
		{3EEB5C52-75C5-4AB6-97FC-5E9584A3F1FB}.Release|x64.ActiveCfg = Release|Any CPU
		{3EEB5C52-75C5-4AB6-97FC-5E9584A3F1FB}.Release|x64.Build.0 = Release|Any CPU
		{3EEB5C52-75C5-4AB6-97FC-5E9584A3F1FB}.Release|x86.ActiveCfg = Release|Any CPU
		{3EEB5C52-75C5-4AB6-97FC-5E9584A3F1FB}.Release|x86.Build.0 = Release|Any CPU
		{46337BDE-A438-4646-93DD-CBAE55D19A1B}.Debug|Any CPU.ActiveCfg = Debug|Any CPU
		{46337BDE-A438-4646-93DD-CBAE55D19A1B}.Debug|Any CPU.Build.0 = Debug|Any CPU
		{46337BDE-A438-4646-93DD-CBAE55D19A1B}.Debug|ARM.ActiveCfg = Debug|Any CPU
		{46337BDE-A438-4646-93DD-CBAE55D19A1B}.Debug|ARM.Build.0 = Debug|Any CPU
		{46337BDE-A438-4646-93DD-CBAE55D19A1B}.Debug|x64.ActiveCfg = Debug|Any CPU
		{46337BDE-A438-4646-93DD-CBAE55D19A1B}.Debug|x64.Build.0 = Debug|Any CPU
		{46337BDE-A438-4646-93DD-CBAE55D19A1B}.Debug|x86.ActiveCfg = Debug|Any CPU
		{46337BDE-A438-4646-93DD-CBAE55D19A1B}.Debug|x86.Build.0 = Debug|Any CPU
		{46337BDE-A438-4646-93DD-CBAE55D19A1B}.Release|Any CPU.ActiveCfg = Release|Any CPU
		{46337BDE-A438-4646-93DD-CBAE55D19A1B}.Release|Any CPU.Build.0 = Release|Any CPU
		{46337BDE-A438-4646-93DD-CBAE55D19A1B}.Release|ARM.ActiveCfg = Release|Any CPU
		{46337BDE-A438-4646-93DD-CBAE55D19A1B}.Release|ARM.Build.0 = Release|Any CPU
		{46337BDE-A438-4646-93DD-CBAE55D19A1B}.Release|x64.ActiveCfg = Release|Any CPU
		{46337BDE-A438-4646-93DD-CBAE55D19A1B}.Release|x64.Build.0 = Release|Any CPU
		{46337BDE-A438-4646-93DD-CBAE55D19A1B}.Release|x86.ActiveCfg = Release|Any CPU
		{46337BDE-A438-4646-93DD-CBAE55D19A1B}.Release|x86.Build.0 = Release|Any CPU
		{966C859D-043F-4FAA-952B-A2BB425FE668}.Debug|Any CPU.ActiveCfg = Debug|Any CPU
		{966C859D-043F-4FAA-952B-A2BB425FE668}.Debug|Any CPU.Build.0 = Debug|Any CPU
		{966C859D-043F-4FAA-952B-A2BB425FE668}.Debug|ARM.ActiveCfg = Debug|Any CPU
		{966C859D-043F-4FAA-952B-A2BB425FE668}.Debug|ARM.Build.0 = Debug|Any CPU
		{966C859D-043F-4FAA-952B-A2BB425FE668}.Debug|x64.ActiveCfg = Debug|Any CPU
		{966C859D-043F-4FAA-952B-A2BB425FE668}.Debug|x64.Build.0 = Debug|Any CPU
		{966C859D-043F-4FAA-952B-A2BB425FE668}.Debug|x86.ActiveCfg = Debug|Any CPU
		{966C859D-043F-4FAA-952B-A2BB425FE668}.Debug|x86.Build.0 = Debug|Any CPU
		{966C859D-043F-4FAA-952B-A2BB425FE668}.Release|Any CPU.ActiveCfg = Release|Any CPU
		{966C859D-043F-4FAA-952B-A2BB425FE668}.Release|Any CPU.Build.0 = Release|Any CPU
		{966C859D-043F-4FAA-952B-A2BB425FE668}.Release|ARM.ActiveCfg = Release|Any CPU
		{966C859D-043F-4FAA-952B-A2BB425FE668}.Release|ARM.Build.0 = Release|Any CPU
		{966C859D-043F-4FAA-952B-A2BB425FE668}.Release|x64.ActiveCfg = Release|Any CPU
		{966C859D-043F-4FAA-952B-A2BB425FE668}.Release|x64.Build.0 = Release|Any CPU
		{966C859D-043F-4FAA-952B-A2BB425FE668}.Release|x86.ActiveCfg = Release|Any CPU
		{966C859D-043F-4FAA-952B-A2BB425FE668}.Release|x86.Build.0 = Release|Any CPU
	EndGlobalSection
	GlobalSection(SolutionProperties) = preSolution
		HideSolutionNode = FALSE
	EndGlobalSection
	GlobalSection(ExtensibilityGlobals) = postSolution
		SolutionGuid = {9359C4E0-D46D-430B-9114-49B71E7CB029}
	EndGlobalSection
EndGlobal
